// !$*UTF8*$!
{
	archiveVersion = 1;
	classes = {
	};
	objectVersion = 50;
	objects = {

/* Begin PBXBuildFile section */
		77C17FC520E365EE00E8B3D6 /* AppDelegate.swift in Sources */ = {isa = PBXBuildFile; fileRef = 77C17FC420E365EE00E8B3D6 /* AppDelegate.swift */; };
		77C17FC720E365EE00E8B3D6 /* ViewController.swift in Sources */ = {isa = PBXBuildFile; fileRef = 77C17FC620E365EE00E8B3D6 /* ViewController.swift */; };
		77C17FCA20E365EE00E8B3D6 /* Main.storyboard in Resources */ = {isa = PBXBuildFile; fileRef = 77C17FC820E365EE00E8B3D6 /* Main.storyboard */; };
		77C17FCC20E365F400E8B3D6 /* Assets.xcassets in Resources */ = {isa = PBXBuildFile; fileRef = 77C17FCB20E365F400E8B3D6 /* Assets.xcassets */; };
		77C17FCF20E365F400E8B3D6 /* LaunchScreen.storyboard in Resources */ = {isa = PBXBuildFile; fileRef = 77C17FCD20E365F400E8B3D6 /* LaunchScreen.storyboard */; };
		77C17FDA20E365F500E8B3D6 /* XXPopoverTests.swift in Sources */ = {isa = PBXBuildFile; fileRef = 77C17FD920E365F500E8B3D6 /* XXPopoverTests.swift */; };
		77C17FE520E365F500E8B3D6 /* XXPopoverUITests.swift in Sources */ = {isa = PBXBuildFile; fileRef = 77C17FE420E365F500E8B3D6 /* XXPopoverUITests.swift */; };
		77C17FF320E367B100E8B3D6 /* Popover.swift in Sources */ = {isa = PBXBuildFile; fileRef = 77C17FF220E367B100E8B3D6 /* Popover.swift */; };
/* End PBXBuildFile section */

/* Begin PBXContainerItemProxy section */
		77C17FD620E365F500E8B3D6 /* PBXContainerItemProxy */ = {
			isa = PBXContainerItemProxy;
			containerPortal = 77C17FB920E365EE00E8B3D6 /* Project object */;
			proxyType = 1;
			remoteGlobalIDString = 77C17FC020E365EE00E8B3D6;
			remoteInfo = XXPopover;
		};
		77C17FE120E365F500E8B3D6 /* PBXContainerItemProxy */ = {
			isa = PBXContainerItemProxy;
			containerPortal = 77C17FB920E365EE00E8B3D6 /* Project object */;
			proxyType = 1;
			remoteGlobalIDString = 77C17FC020E365EE00E8B3D6;
			remoteInfo = XXPopover;
		};
/* End PBXContainerItemProxy section */

/* Begin PBXFileReference section */
		77C17FC120E365EE00E8B3D6 /* XXPopover.app */ = {isa = PBXFileReference; explicitFileType = wrapper.application; includeInIndex = 0; path = XXPopover.app; sourceTree = BUILT_PRODUCTS_DIR; };
		77C17FC420E365EE00E8B3D6 /* AppDelegate.swift */ = {isa = PBXFileReference; lastKnownFileType = sourcecode.swift; path = AppDelegate.swift; sourceTree = "<group>"; };
		77C17FC620E365EE00E8B3D6 /* ViewController.swift */ = {isa = PBXFileReference; lastKnownFileType = sourcecode.swift; path = ViewController.swift; sourceTree = "<group>"; };
		77C17FC920E365EE00E8B3D6 /* Base */ = {isa = PBXFileReference; lastKnownFileType = file.storyboard; name = Base; path = Base.lproj/Main.storyboard; sourceTree = "<group>"; };
		77C17FCB20E365F400E8B3D6 /* Assets.xcassets */ = {isa = PBXFileReference; lastKnownFileType = folder.assetcatalog; path = Assets.xcassets; sourceTree = "<group>"; };
		77C17FCE20E365F400E8B3D6 /* Base */ = {isa = PBXFileReference; lastKnownFileType = file.storyboard; name = Base; path = Base.lproj/LaunchScreen.storyboard; sourceTree = "<group>"; };
		77C17FD020E365F400E8B3D6 /* Info.plist */ = {isa = PBXFileReference; lastKnownFileType = text.plist.xml; path = Info.plist; sourceTree = "<group>"; };
		77C17FD520E365F500E8B3D6 /* XXPopoverTests.xctest */ = {isa = PBXFileReference; explicitFileType = wrapper.cfbundle; includeInIndex = 0; path = XXPopoverTests.xctest; sourceTree = BUILT_PRODUCTS_DIR; };
		77C17FD920E365F500E8B3D6 /* XXPopoverTests.swift */ = {isa = PBXFileReference; lastKnownFileType = sourcecode.swift; path = XXPopoverTests.swift; sourceTree = "<group>"; };
		77C17FDB20E365F500E8B3D6 /* Info.plist */ = {isa = PBXFileReference; lastKnownFileType = text.plist.xml; path = Info.plist; sourceTree = "<group>"; };
		77C17FE020E365F500E8B3D6 /* XXPopoverUITests.xctest */ = {isa = PBXFileReference; explicitFileType = wrapper.cfbundle; includeInIndex = 0; path = XXPopoverUITests.xctest; sourceTree = BUILT_PRODUCTS_DIR; };
		77C17FE420E365F500E8B3D6 /* XXPopoverUITests.swift */ = {isa = PBXFileReference; lastKnownFileType = sourcecode.swift; path = XXPopoverUITests.swift; sourceTree = "<group>"; };
		77C17FE620E365F500E8B3D6 /* Info.plist */ = {isa = PBXFileReference; lastKnownFileType = text.plist.xml; path = Info.plist; sourceTree = "<group>"; };
		77C17FF220E367B100E8B3D6 /* Popover.swift */ = {isa = PBXFileReference; fileEncoding = 4; lastKnownFileType = sourcecode.swift; path = Popover.swift; sourceTree = "<group>"; };
/* End PBXFileReference section */

/* Begin PBXFrameworksBuildPhase section */
		77C17FBE20E365EE00E8B3D6 /* Frameworks */ = {
			isa = PBXFrameworksBuildPhase;
			buildActionMask = 2147483647;
			files = (
			);
			runOnlyForDeploymentPostprocessing = 0;
		};
		77C17FD220E365F500E8B3D6 /* Frameworks */ = {
			isa = PBXFrameworksBuildPhase;
			buildActionMask = 2147483647;
			files = (
			);
			runOnlyForDeploymentPostprocessing = 0;
		};
		77C17FDD20E365F500E8B3D6 /* Frameworks */ = {
			isa = PBXFrameworksBuildPhase;
			buildActionMask = 2147483647;
			files = (
			);
			runOnlyForDeploymentPostprocessing = 0;
		};
/* End PBXFrameworksBuildPhase section */

/* Begin PBXGroup section */
		77C17FB820E365EE00E8B3D6 = {
			isa = PBXGroup;
			children = (
				77C17FC320E365EE00E8B3D6 /* XXPopover */,
				77C17FD820E365F500E8B3D6 /* XXPopoverTests */,
				77C17FE320E365F500E8B3D6 /* XXPopoverUITests */,
				77C17FC220E365EE00E8B3D6 /* Products */,
			);
			sourceTree = "<group>";
		};
		77C17FC220E365EE00E8B3D6 /* Products */ = {
			isa = PBXGroup;
			children = (
				77C17FC120E365EE00E8B3D6 /* XXPopover.app */,
				77C17FD520E365F500E8B3D6 /* XXPopoverTests.xctest */,
				77C17FE020E365F500E8B3D6 /* XXPopoverUITests.xctest */,
			);
			name = Products;
			sourceTree = "<group>";
		};
		77C17FC320E365EE00E8B3D6 /* XXPopover */ = {
			isa = PBXGroup;
			children = (
				77C17FC420E365EE00E8B3D6 /* AppDelegate.swift */,
				77C17FC620E365EE00E8B3D6 /* ViewController.swift */,
				77C17FC820E365EE00E8B3D6 /* Main.storyboard */,
				77C17FF220E367B100E8B3D6 /* Popover.swift */,
				77C17FCB20E365F400E8B3D6 /* Assets.xcassets */,
				77C17FCD20E365F400E8B3D6 /* LaunchScreen.storyboard */,
				77C17FD020E365F400E8B3D6 /* Info.plist */,
			);
			path = XXPopover;
			sourceTree = "<group>";
		};
		77C17FD820E365F500E8B3D6 /* XXPopoverTests */ = {
			isa = PBXGroup;
			children = (
				77C17FD920E365F500E8B3D6 /* XXPopoverTests.swift */,
				77C17FDB20E365F500E8B3D6 /* Info.plist */,
			);
			path = XXPopoverTests;
			sourceTree = "<group>";
		};
		77C17FE320E365F500E8B3D6 /* XXPopoverUITests */ = {
			isa = PBXGroup;
			children = (
				77C17FE420E365F500E8B3D6 /* XXPopoverUITests.swift */,
				77C17FE620E365F500E8B3D6 /* Info.plist */,
			);
			path = XXPopoverUITests;
			sourceTree = "<group>";
		};
/* End PBXGroup section */

/* Begin PBXNativeTarget section */
		77C17FC020E365EE00E8B3D6 /* XXPopover */ = {
			isa = PBXNativeTarget;
			buildConfigurationList = 77C17FE920E365F500E8B3D6 /* Build configuration list for PBXNativeTarget "XXPopover" */;
			buildPhases = (
				77C17FBD20E365EE00E8B3D6 /* Sources */,
				77C17FBE20E365EE00E8B3D6 /* Frameworks */,
				77C17FBF20E365EE00E8B3D6 /* Resources */,
			);
			buildRules = (
			);
			dependencies = (
			);
			name = XXPopover;
			productName = XXPopover;
			productReference = 77C17FC120E365EE00E8B3D6 /* XXPopover.app */;
			productType = "com.apple.product-type.application";
		};
		77C17FD420E365F500E8B3D6 /* XXPopoverTests */ = {
			isa = PBXNativeTarget;
			buildConfigurationList = 77C17FEC20E365F500E8B3D6 /* Build configuration list for PBXNativeTarget "XXPopoverTests" */;
			buildPhases = (
				77C17FD120E365F500E8B3D6 /* Sources */,
				77C17FD220E365F500E8B3D6 /* Frameworks */,
				77C17FD320E365F500E8B3D6 /* Resources */,
			);
			buildRules = (
			);
			dependencies = (
				77C17FD720E365F500E8B3D6 /* PBXTargetDependency */,
			);
			name = XXPopoverTests;
			productName = XXPopoverTests;
			productReference = 77C17FD520E365F500E8B3D6 /* XXPopoverTests.xctest */;
			productType = "com.apple.product-type.bundle.unit-test";
		};
		77C17FDF20E365F500E8B3D6 /* XXPopoverUITests */ = {
			isa = PBXNativeTarget;
			buildConfigurationList = 77C17FEF20E365F500E8B3D6 /* Build configuration list for PBXNativeTarget "XXPopoverUITests" */;
			buildPhases = (
				77C17FDC20E365F500E8B3D6 /* Sources */,
				77C17FDD20E365F500E8B3D6 /* Frameworks */,
				77C17FDE20E365F500E8B3D6 /* Resources */,
			);
			buildRules = (
			);
			dependencies = (
				77C17FE220E365F500E8B3D6 /* PBXTargetDependency */,
			);
			name = XXPopoverUITests;
			productName = XXPopoverUITests;
			productReference = 77C17FE020E365F500E8B3D6 /* XXPopoverUITests.xctest */;
			productType = "com.apple.product-type.bundle.ui-testing";
		};
/* End PBXNativeTarget section */

/* Begin PBXProject section */
		77C17FB920E365EE00E8B3D6 /* Project object */ = {
			isa = PBXProject;
			attributes = {
				LastSwiftUpdateCheck = 0930;
				LastUpgradeCheck = 0930;
				ORGANIZATIONNAME = "人人";
				TargetAttributes = {
					77C17FC020E365EE00E8B3D6 = {
						CreatedOnToolsVersion = 9.3;
					};
					77C17FD420E365F500E8B3D6 = {
						CreatedOnToolsVersion = 9.3;
						TestTargetID = 77C17FC020E365EE00E8B3D6;
					};
					77C17FDF20E365F500E8B3D6 = {
						CreatedOnToolsVersion = 9.3;
						TestTargetID = 77C17FC020E365EE00E8B3D6;
					};
				};
			};
			buildConfigurationList = 77C17FBC20E365EE00E8B3D6 /* Build configuration list for PBXProject "XXPopover" */;
			compatibilityVersion = "Xcode 9.3";
			developmentRegion = en;
			hasScannedForEncodings = 0;
			knownRegions = (
				en,
				Base,
			);
			mainGroup = 77C17FB820E365EE00E8B3D6;
			productRefGroup = 77C17FC220E365EE00E8B3D6 /* Products */;
			projectDirPath = "";
			projectRoot = "";
			targets = (
				77C17FC020E365EE00E8B3D6 /* XXPopover */,
				77C17FD420E365F500E8B3D6 /* XXPopoverTests */,
				77C17FDF20E365F500E8B3D6 /* XXPopoverUITests */,
			);
		};
/* End PBXProject section */

/* Begin PBXResourcesBuildPhase section */
		77C17FBF20E365EE00E8B3D6 /* Resources */ = {
			isa = PBXResourcesBuildPhase;
			buildActionMask = 2147483647;
			files = (
				77C17FCF20E365F400E8B3D6 /* LaunchScreen.storyboard in Resources */,
				77C17FCC20E365F400E8B3D6 /* Assets.xcassets in Resources */,
				77C17FCA20E365EE00E8B3D6 /* Main.storyboard in Resources */,
			);
			runOnlyForDeploymentPostprocessing = 0;
		};
		77C17FD320E365F500E8B3D6 /* Resources */ = {
			isa = PBXResourcesBuildPhase;
			buildActionMask = 2147483647;
			files = (
			);
			runOnlyForDeploymentPostprocessing = 0;
		};
		77C17FDE20E365F500E8B3D6 /* Resources */ = {
			isa = PBXResourcesBuildPhase;
			buildActionMask = 2147483647;
			files = (
			);
			runOnlyForDeploymentPostprocessing = 0;
		};
/* End PBXResourcesBuildPhase section */

/* Begin PBXSourcesBuildPhase section */
		77C17FBD20E365EE00E8B3D6 /* Sources */ = {
			isa = PBXSourcesBuildPhase;
			buildActionMask = 2147483647;
			files = (
				77C17FC720E365EE00E8B3D6 /* ViewController.swift in Sources */,
				77C17FF320E367B100E8B3D6 /* Popover.swift in Sources */,
				77C17FC520E365EE00E8B3D6 /* AppDelegate.swift in Sources */,
			);
			runOnlyForDeploymentPostprocessing = 0;
		};
		77C17FD120E365F500E8B3D6 /* Sources */ = {
			isa = PBXSourcesBuildPhase;
			buildActionMask = 2147483647;
			files = (
				77C17FDA20E365F500E8B3D6 /* XXPopoverTests.swift in Sources */,
			);
			runOnlyForDeploymentPostprocessing = 0;
		};
		77C17FDC20E365F500E8B3D6 /* Sources */ = {
			isa = PBXSourcesBuildPhase;
			buildActionMask = 2147483647;
			files = (
				77C17FE520E365F500E8B3D6 /* XXPopoverUITests.swift in Sources */,
			);
			runOnlyForDeploymentPostprocessing = 0;
		};
/* End PBXSourcesBuildPhase section */

/* Begin PBXTargetDependency section */
		77C17FD720E365F500E8B3D6 /* PBXTargetDependency */ = {
			isa = PBXTargetDependency;
			target = 77C17FC020E365EE00E8B3D6 /* XXPopover */;
			targetProxy = 77C17FD620E365F500E8B3D6 /* PBXContainerItemProxy */;
		};
		77C17FE220E365F500E8B3D6 /* PBXTargetDependency */ = {
			isa = PBXTargetDependency;
			target = 77C17FC020E365EE00E8B3D6 /* XXPopover */;
			targetProxy = 77C17FE120E365F500E8B3D6 /* PBXContainerItemProxy */;
		};
/* End PBXTargetDependency section */

/* Begin PBXVariantGroup section */
		77C17FC820E365EE00E8B3D6 /* Main.storyboard */ = {
			isa = PBXVariantGroup;
			children = (
				77C17FC920E365EE00E8B3D6 /* Base */,
			);
			name = Main.storyboard;
			sourceTree = "<group>";
		};
		77C17FCD20E365F400E8B3D6 /* LaunchScreen.storyboard */ = {
			isa = PBXVariantGroup;
			children = (
				77C17FCE20E365F400E8B3D6 /* Base */,
			);
			name = LaunchScreen.storyboard;
			sourceTree = "<group>";
		};
/* End PBXVariantGroup section */

/* Begin XCBuildConfiguration section */
		77C17FE720E365F500E8B3D6 /* Debug */ = {
			isa = XCBuildConfiguration;
			buildSettings = {
				ALWAYS_SEARCH_USER_PATHS = NO;
				CLANG_ANALYZER_NONNULL = YES;
				CLANG_ANALYZER_NUMBER_OBJECT_CONVERSION = YES_AGGRESSIVE;
				CLANG_CXX_LANGUAGE_STANDARD = "gnu++14";
				CLANG_CXX_LIBRARY = "libc++";
				CLANG_ENABLE_MODULES = YES;
				CLANG_ENABLE_OBJC_ARC = YES;
				CLANG_ENABLE_OBJC_WEAK = YES;
				CLANG_WARN_BLOCK_CAPTURE_AUTORELEASING = YES;
				CLANG_WARN_BOOL_CONVERSION = YES;
				CLANG_WARN_COMMA = YES;
				CLANG_WARN_CONSTANT_CONVERSION = YES;
				CLANG_WARN_DEPRECATED_OBJC_IMPLEMENTATIONS = YES;
				CLANG_WARN_DIRECT_OBJC_ISA_USAGE = YES_ERROR;
				CLANG_WARN_DOCUMENTATION_COMMENTS = YES;
				CLANG_WARN_EMPTY_BODY = YES;
				CLANG_WARN_ENUM_CONVERSION = YES;
				CLANG_WARN_INFINITE_RECURSION = YES;
				CLANG_WARN_INT_CONVERSION = YES;
				CLANG_WARN_NON_LITERAL_NULL_CONVERSION = YES;
				CLANG_WARN_OBJC_IMPLICIT_RETAIN_SELF = YES;
				CLANG_WARN_OBJC_LITERAL_CONVERSION = YES;
				CLANG_WARN_OBJC_ROOT_CLASS = YES_ERROR;
				CLANG_WARN_RANGE_LOOP_ANALYSIS = YES;
				CLANG_WARN_STRICT_PROTOTYPES = YES;
				CLANG_WARN_SUSPICIOUS_MOVE = YES;
				CLANG_WARN_UNGUARDED_AVAILABILITY = YES_AGGRESSIVE;
				CLANG_WARN_UNREACHABLE_CODE = YES;
				CLANG_WARN__DUPLICATE_METHOD_MATCH = YES;
				CODE_SIGN_IDENTITY = "iPhone Developer";
				COPY_PHASE_STRIP = NO;
				DEBUG_INFORMATION_FORMAT = dwarf;
				ENABLE_STRICT_OBJC_MSGSEND = YES;
				ENABLE_TESTABILITY = YES;
				GCC_C_LANGUAGE_STANDARD = gnu11;
				GCC_DYNAMIC_NO_PIC = NO;
				GCC_NO_COMMON_BLOCKS = YES;
				GCC_OPTIMIZATION_LEVEL = 0;
				GCC_PREPROCESSOR_DEFINITIONS = (
					"DEBUG=1",
					"$(inherited)",
				);
				GCC_WARN_64_TO_32_BIT_CONVERSION = YES;
				GCC_WARN_ABOUT_RETURN_TYPE = YES_ERROR;
				GCC_WARN_UNDECLARED_SELECTOR = YES;
				GCC_WARN_UNINITIALIZED_AUTOS = YES_AGGRESSIVE;
				GCC_WARN_UNUSED_FUNCTION = YES;
				GCC_WARN_UNUSED_VARIABLE = YES;
				IPHONEOS_DEPLOYMENT_TARGET = 11.3;
				MTL_ENABLE_DEBUG_INFO = YES;
				ONLY_ACTIVE_ARCH = YES;
				SDKROOT = iphoneos;
				SWIFT_ACTIVE_COMPILATION_CONDITIONS = DEBUG;
				SWIFT_OPTIMIZATION_LEVEL = "-Onone";
			};
			name = Debug;
		};
		77C17FE820E365F500E8B3D6 /* Release */ = {
			isa = XCBuildConfiguration;
			buildSettings = {
				ALWAYS_SEARCH_USER_PATHS = NO;
				CLANG_ANALYZER_NONNULL = YES;
				CLANG_ANALYZER_NUMBER_OBJECT_CONVERSION = YES_AGGRESSIVE;
				CLANG_CXX_LANGUAGE_STANDARD = "gnu++14";
				CLANG_CXX_LIBRARY = "libc++";
				CLANG_ENABLE_MODULES = YES;
				CLANG_ENABLE_OBJC_ARC = YES;
				CLANG_ENABLE_OBJC_WEAK = YES;
				CLANG_WARN_BLOCK_CAPTURE_AUTORELEASING = YES;
				CLANG_WARN_BOOL_CONVERSION = YES;
				CLANG_WARN_COMMA = YES;
				CLANG_WARN_CONSTANT_CONVERSION = YES;
				CLANG_WARN_DEPRECATED_OBJC_IMPLEMENTATIONS = YES;
				CLANG_WARN_DIRECT_OBJC_ISA_USAGE = YES_ERROR;
				CLANG_WARN_DOCUMENTATION_COMMENTS = YES;
				CLANG_WARN_EMPTY_BODY = YES;
				CLANG_WARN_ENUM_CONVERSION = YES;
				CLANG_WARN_INFINITE_RECURSION = YES;
				CLANG_WARN_INT_CONVERSION = YES;
				CLANG_WARN_NON_LITERAL_NULL_CONVERSION = YES;
				CLANG_WARN_OBJC_IMPLICIT_RETAIN_SELF = YES;
				CLANG_WARN_OBJC_LITERAL_CONVERSION = YES;
				CLANG_WARN_OBJC_ROOT_CLASS = YES_ERROR;
				CLANG_WARN_RANGE_LOOP_ANALYSIS = YES;
				CLANG_WARN_STRICT_PROTOTYPES = YES;
				CLANG_WARN_SUSPICIOUS_MOVE = YES;
				CLANG_WARN_UNGUARDED_AVAILABILITY = YES_AGGRESSIVE;
				CLANG_WARN_UNREACHABLE_CODE = YES;
				CLANG_WARN__DUPLICATE_METHOD_MATCH = YES;
				CODE_SIGN_IDENTITY = "iPhone Developer";
				COPY_PHASE_STRIP = NO;
				DEBUG_INFORMATION_FORMAT = "dwarf-with-dsym";
				ENABLE_NS_ASSERTIONS = NO;
				ENABLE_STRICT_OBJC_MSGSEND = YES;
				GCC_C_LANGUAGE_STANDARD = gnu11;
				GCC_NO_COMMON_BLOCKS = YES;
				GCC_WARN_64_TO_32_BIT_CONVERSION = YES;
				GCC_WARN_ABOUT_RETURN_TYPE = YES_ERROR;
				GCC_WARN_UNDECLARED_SELECTOR = YES;
				GCC_WARN_UNINITIALIZED_AUTOS = YES_AGGRESSIVE;
				GCC_WARN_UNUSED_FUNCTION = YES;
				GCC_WARN_UNUSED_VARIABLE = YES;
				IPHONEOS_DEPLOYMENT_TARGET = 11.3;
				MTL_ENABLE_DEBUG_INFO = NO;
				SDKROOT = iphoneos;
				SWIFT_COMPILATION_MODE = wholemodule;
				SWIFT_OPTIMIZATION_LEVEL = "-O";
				VALIDATE_PRODUCT = YES;
			};
			name = Release;
		};
		77C17FEA20E365F500E8B3D6 /* Debug */ = {
			isa = XCBuildConfiguration;
			buildSettings = {
				ASSETCATALOG_COMPILER_APPICON_NAME = AppIcon;
				CODE_SIGN_STYLE = Automatic;
				INFOPLIST_FILE = XXPopover/Info.plist;
				LD_RUNPATH_SEARCH_PATHS = (
					"$(inherited)",
					"@executable_path/Frameworks",
				);
				PRODUCT_BUNDLE_IDENTIFIER = renren.XXPopover;
				PRODUCT_NAME = "$(TARGET_NAME)";
				SWIFT_VERSION = 4.0;
				TARGETED_DEVICE_FAMILY = "1,2";
			};
			name = Debug;
		};
		77C17FEB20E365F500E8B3D6 /* Release */ = {
			isa = XCBuildConfiguration;
			buildSettings = {
				ASSETCATALOG_COMPILER_APPICON_NAME = AppIcon;
				CODE_SIGN_STYLE = Automatic;
				INFOPLIST_FILE = XXPopover/Info.plist;
				LD_RUNPATH_SEARCH_PATHS = (
					"$(inherited)",
					"@executable_path/Frameworks",
				);
				PRODUCT_BUNDLE_IDENTIFIER = renren.XXPopover;
				PRODUCT_NAME = "$(TARGET_NAME)";
				SWIFT_VERSION = 4.0;
				TARGETED_DEVICE_FAMILY = "1,2";
			};
			name = Release;
		};
		77C17FED20E365F500E8B3D6 /* Debug */ = {
			isa = XCBuildConfiguration;
			buildSettings = {
				ALWAYS_EMBED_SWIFT_STANDARD_LIBRARIES = YES;
				BUNDLE_LOADER = "$(TEST_HOST)";
				CODE_SIGN_STYLE = Automatic;
				INFOPLIST_FILE = XXPopoverTests/Info.plist;
				LD_RUNPATH_SEARCH_PATHS = (
					"$(inherited)",
					"@executable_path/Frameworks",
					"@loader_path/Frameworks",
				);
				PRODUCT_BUNDLE_IDENTIFIER = renren.XXPopoverTests;
				PRODUCT_NAME = "$(TARGET_NAME)";
				SWIFT_VERSION = 4.0;
				TARGETED_DEVICE_FAMILY = "1,2";
				TEST_HOST = "$(BUILT_PRODUCTS_DIR)/XXPopover.app/XXPopover";
			};
			name = Debug;
		};
		77C17FEE20E365F500E8B3D6 /* Release */ = {
			isa = XCBuildConfiguration;
			buildSettings = {
				ALWAYS_EMBED_SWIFT_STANDARD_LIBRARIES = YES;
				BUNDLE_LOADER = "$(TEST_HOST)";
				CODE_SIGN_STYLE = Automatic;
				INFOPLIST_FILE = XXPopoverTests/Info.plist;
				LD_RUNPATH_SEARCH_PATHS = (
					"$(inherited)",
					"@executable_path/Frameworks",
					"@loader_path/Frameworks",
				);
				PRODUCT_BUNDLE_IDENTIFIER = renren.XXPopoverTests;
				PRODUCT_NAME = "$(TARGET_NAME)";
				SWIFT_VERSION = 4.0;
				TARGETED_DEVICE_FAMILY = "1,2";
				TEST_HOST = "$(BUILT_PRODUCTS_DIR)/XXPopover.app/XXPopover";
			};
			name = Release;
		};
		77C17FF020E365F500E8B3D6 /* Debug */ = {
			isa = XCBuildConfiguration;
			buildSettings = {
				ALWAYS_EMBED_SWIFT_STANDARD_LIBRARIES = YES;
				CODE_SIGN_STYLE = Automatic;
				INFOPLIST_FILE = XXPopoverUITests/Info.plist;
				LD_RUNPATH_SEARCH_PATHS = (
					"$(inherited)",
					"@executable_path/Frameworks",
					"@loader_path/Frameworks",
				);
				PRODUCT_BUNDLE_IDENTIFIER = renren.XXPopoverUITests;
				PRODUCT_NAME = "$(TARGET_NAME)";
				SWIFT_VERSION = 4.0;
				TARGETED_DEVICE_FAMILY = "1,2";
				TEST_TARGET_NAME = XXPopover;
			};
			name = Debug;
		};
		77C17FF120E365F500E8B3D6 /* Release */ = {
			isa = XCBuildConfiguration;
			buildSettings = {
				ALWAYS_EMBED_SWIFT_STANDARD_LIBRARIES = YES;
				CODE_SIGN_STYLE = Automatic;
				INFOPLIST_FILE = XXPopoverUITests/Info.plist;
				LD_RUNPATH_SEARCH_PATHS = (
					"$(inherited)",
					"@executable_path/Frameworks",
					"@loader_path/Frameworks",
				);
				PRODUCT_BUNDLE_IDENTIFIER = renren.XXPopoverUITests;
				PRODUCT_NAME = "$(TARGET_NAME)";
				SWIFT_VERSION = 4.0;
				TARGETED_DEVICE_FAMILY = "1,2";
				TEST_TARGET_NAME = XXPopover;
			};
			name = Release;
		};
/* End XCBuildConfiguration section */

/* Begin XCConfigurationList section */
		77C17FBC20E365EE00E8B3D6 /* Build configuration list for PBXProject "XXPopover" */ = {
			isa = XCConfigurationList;
			buildConfigurations = (
				77C17FE720E365F500E8B3D6 /* Debug */,
				77C17FE820E365F500E8B3D6 /* Release */,
			);
			defaultConfigurationIsVisible = 0;
			defaultConfigurationName = Release;
		};
		77C17FE920E365F500E8B3D6 /* Build configuration list for PBXNativeTarget "XXPopover" */ = {
			isa = XCConfigurationList;
			buildConfigurations = (
				77C17FEA20E365F500E8B3D6 /* Debug */,
				77C17FEB20E365F500E8B3D6 /* Release */,
			);
			defaultConfigurationIsVisible = 0;
			defaultConfigurationName = Release;
		};
		77C17FEC20E365F500E8B3D6 /* Build configuration list for PBXNativeTarget "XXPopoverTests" */ = {
			isa = XCConfigurationList;
			buildConfigurations = (
				77C17FED20E365F500E8B3D6 /* Debug */,
				77C17FEE20E365F500E8B3D6 /* Release */,
			);
			defaultConfigurationIsVisible = 0;
			defaultConfigurationName = Release;
		};
		77C17FEF20E365F500E8B3D6 /* Build configuration list for PBXNativeTarget "XXPopoverUITests" */ = {
			isa = XCConfigurationList;
			buildConfigurations = (
				77C17FF020E365F500E8B3D6 /* Debug */,
				77C17FF120E365F500E8B3D6 /* Release */,
			);
			defaultConfigurationIsVisible = 0;
			defaultConfigurationName = Release;
		};
/* End XCConfigurationList section */
	};
	rootObject = 77C17FB920E365EE00E8B3D6 /* Project object */;
}
